{
  "originHash" : "16957915513f18258cba4d0fc6483235ab1077addb756a2b51d7eda85b7f8568",
  "pins" : [
    {
      "identity" : "untoldengine",
      "kind" : "remoteSourceControl",
      "location" : "https://github.com/untoldengine/UntoldEngine",
      "state" : {
        "branch" : "feature/room-surface-store",
        "revision" : "1228d0137dbf1c1b10ea443080b90d5d8af241c1"
      }
    }
  ],
  "version" : 3
}
