// !$*UTF8*$!
{
	archiveVersion = 1;
	classes = {
	};
	objectVersion = 77;
	objects = {

/* Begin PBXBuildFile section */
		06F184F6D004050501B0AA4C /* GameSceneUtils.swift in Sources */ = {isa = PBXBuildFile; fileRef = 587DD3F2A4C564568A8D5BF8 /* GameSceneUtils.swift */; };
		11A718908BA8E09D48BAD543 /* GameData in Resources */ = {isa = PBXBuildFile; fileRef = 7CF3B56942735F0D9A5C22C8 /* GameData */; };
		4F28399986F8D5931B332216 /* BedroomTwinApp.swift in Sources */ = {isa = PBXBuildFile; fileRef = 84FEA2196E95BFA9F3B19012 /* BedroomTwinApp.swift */; };
		692C2C421E878C60679F0C68 /* GameScene.swift in Sources */ = {isa = PBXBuildFile; fileRef = B46734B1DF5054708E077DA2 /* GameScene.swift */; };
		715913115DE9AC3B6DAA6C52 /* UntoldEngineAR in Frameworks */ = {isa = PBXBuildFile; productRef = 8CF5F2DF96E4D12B4E221FFA /* UntoldEngineAR */; };
		B89329AD853BAFD7C148E8C3 /* UntoldEngineXR in Frameworks */ = {isa = PBXBuildFile; productRef = B8663AA02FB7A3DA8EFCA585 /* UntoldEngineXR */; };
/* End PBXBuildFile section */

/* Begin PBXFileReference section */
		587DD3F2A4C564568A8D5BF8 /* GameSceneUtils.swift */ = {isa = PBXFileReference; lastKnownFileType = sourcecode.swift; path = GameSceneUtils.swift; sourceTree = "<group>"; };
		7CF3B56942735F0D9A5C22C8 /* GameData */ = {isa = PBXFileReference; lastKnownFileType = folder; name = GameData; path = Sources/BedroomTwin/GameData; sourceTree = SOURCE_ROOT; };
		84FEA2196E95BFA9F3B19012 /* BedroomTwinApp.swift */ = {isa = PBXFileReference; lastKnownFileType = sourcecode.swift; path = BedroomTwinApp.swift; sourceTree = "<group>"; };
		B46734B1DF5054708E077DA2 /* GameScene.swift */ = {isa = PBXFileReference; lastKnownFileType = sourcecode.swift; path = GameScene.swift; sourceTree = "<group>"; };
		E759A6896AB37E4072BFA200 /* BedroomTwin.app */ = {isa = PBXFileReference; explicitFileType = wrapper.application; includeInIndex = 0; path = BedroomTwin.app; sourceTree = BUILT_PRODUCTS_DIR; };
		F1D267E9260E6077A74389A3 /* Info.plist */ = {isa = PBXFileReference; lastKnownFileType = text.plist; path = Info.plist; sourceTree = "<group>"; };
/* End PBXFileReference section */

/* Begin PBXFrameworksBuildPhase section */
		D2849FB858251820FAC745B8 /* Frameworks */ = {
			isa = PBXFrameworksBuildPhase;
			buildActionMask = 2147483647;
			files = (
				B89329AD853BAFD7C148E8C3 /* UntoldEngineXR in Frameworks */,
				715913115DE9AC3B6DAA6C52 /* UntoldEngineAR in Frameworks */,
			);
			runOnlyForDeploymentPostprocessing = 0;
		};
/* End PBXFrameworksBuildPhase section */

/* Begin PBXGroup section */
		4962067B73FF9ECC5B78FBE6 /* BedroomTwin */ = {
			isa = PBXGroup;
			children = (
				84FEA2196E95BFA9F3B19012 /* BedroomTwinApp.swift */,
				B46734B1DF5054708E077DA2 /* GameScene.swift */,
				587DD3F2A4C564568A8D5BF8 /* GameSceneUtils.swift */,
				F1D267E9260E6077A74389A3 /* Info.plist */,
			);
			path = BedroomTwin;
			sourceTree = "<group>";
		};
		4B6E948C325A6E7DCAB91069 = {
			isa = PBXGroup;
			children = (
				7CF3B56942735F0D9A5C22C8 /* GameData */,
				80D026A2178105A31C4E8369 /* Sources */,
				ABD4DF288588A89D505D27F4 /* Products */,
			);
			sourceTree = "<group>";
		};
		80D026A2178105A31C4E8369 /* Sources */ = {
			isa = PBXGroup;
			children = (
				4962067B73FF9ECC5B78FBE6 /* BedroomTwin */,
			);
			path = Sources;
			sourceTree = "<group>";
		};
		ABD4DF288588A89D505D27F4 /* Products */ = {
			isa = PBXGroup;
			children = (
				E759A6896AB37E4072BFA200 /* BedroomTwin.app */,
			);
			name = Products;
			sourceTree = "<group>";
		};
/* End PBXGroup section */

/* Begin PBXNativeTarget section */
		FF9492482268B17C232AAA9C /* BedroomTwin */ = {
			isa = PBXNativeTarget;
			buildConfigurationList = BBAA20C658AF9AB37FE2776D /* Build configuration list for PBXNativeTarget "BedroomTwin" */;
			buildPhases = (
				5D4F0DB010B9BE2188EB4F03 /* Sources */,
				A27628871F989C2D64C40358 /* Resources */,
				D2849FB858251820FAC745B8 /* Frameworks */,
			);
			buildRules = (
			);
			dependencies = (
			);
			name = BedroomTwin;
			packageProductDependencies = (
				B8663AA02FB7A3DA8EFCA585 /* UntoldEngineXR */,
				8CF5F2DF96E4D12B4E221FFA /* UntoldEngineAR */,
			);
			productName = BedroomTwin;
			productReference = E759A6896AB37E4072BFA200 /* BedroomTwin.app */;
			productType = "com.apple.product-type.application";
		};
/* End PBXNativeTarget section */

/* Begin PBXProject section */
		D6A0C210DC3796F8B77A9194 /* Project object */ = {
			isa = PBXProject;
			attributes = {
				BuildIndependentTargetsInParallel = YES;
				LastUpgradeCheck = 1430;
				TargetAttributes = {
					FF9492482268B17C232AAA9C = {
						ProvisioningStyle = Automatic;
					};
				};
			};
			buildConfigurationList = 2135AD2170FB7596A70E8011 /* Build configuration list for PBXProject "BedroomTwin" */;
			developmentRegion = en;
			hasScannedForEncodings = 0;
			knownRegions = (
				Base,
				en,
			);
			mainGroup = 4B6E948C325A6E7DCAB91069;
			minimizedProjectReferenceProxies = 1;
			packageReferences = (
				F22CEC3FCCA456BDA068CFCA /* XCRemoteSwiftPackageReference "UntoldEngine" */,
			);
			preferredProjectObjectVersion = 77;
			productRefGroup = ABD4DF288588A89D505D27F4 /* Products */;
			projectDirPath = "";
			projectRoot = "";
			targets = (
				FF9492482268B17C232AAA9C /* BedroomTwin */,
			);
		};
/* End PBXProject section */

/* Begin PBXResourcesBuildPhase section */
		A27628871F989C2D64C40358 /* Resources */ = {
			isa = PBXResourcesBuildPhase;
			buildActionMask = 2147483647;
			files = (
				11A718908BA8E09D48BAD543 /* GameData in Resources */,
			);
			runOnlyForDeploymentPostprocessing = 0;
		};
/* End PBXResourcesBuildPhase section */

/* Begin PBXSourcesBuildPhase section */
		5D4F0DB010B9BE2188EB4F03 /* Sources */ = {
			isa = PBXSourcesBuildPhase;
			buildActionMask = 2147483647;
			files = (
				4F28399986F8D5931B332216 /* BedroomTwinApp.swift in Sources */,
				692C2C421E878C60679F0C68 /* GameScene.swift in Sources */,
				06F184F6D004050501B0AA4C /* GameSceneUtils.swift in Sources */,
			);
			runOnlyForDeploymentPostprocessing = 0;
		};
/* End PBXSourcesBuildPhase section */

/* Begin XCBuildConfiguration section */
		323A45059A316C50A4804E98 /* Release */ = {
			isa = XCBuildConfiguration;
			buildSettings = {
				ALWAYS_SEARCH_USER_PATHS = NO;
				CLANG_ANALYZER_NONNULL = YES;
				CLANG_ANALYZER_NUMBER_OBJECT_CONVERSION = YES_AGGRESSIVE;
				CLANG_CXX_LANGUAGE_STANDARD = "gnu++14";
				CLANG_CXX_LIBRARY = "libc++";
				CLANG_ENABLE_MODULES = YES;
				CLANG_ENABLE_OBJC_ARC = YES;
				CLANG_ENABLE_OBJC_WEAK = YES;
				CLANG_WARN_BLOCK_CAPTURE_AUTORELEASING = YES;
				CLANG_WARN_BOOL_CONVERSION = YES;
				CLANG_WARN_COMMA = YES;
				CLANG_WARN_CONSTANT_CONVERSION = YES;
				CLANG_WARN_DEPRECATED_OBJC_IMPLEMENTATIONS = YES;
				CLANG_WARN_DIRECT_OBJC_ISA_USAGE = YES_ERROR;
				CLANG_WARN_DOCUMENTATION_COMMENTS = YES;
				CLANG_WARN_EMPTY_BODY = YES;
				CLANG_WARN_ENUM_CONVERSION = YES;
				CLANG_WARN_INFINITE_RECURSION = YES;
				CLANG_WARN_INT_CONVERSION = YES;
				CLANG_WARN_NON_LITERAL_NULL_CONVERSION = YES;
				CLANG_WARN_OBJC_IMPLICIT_RETAIN_SELF = YES;
				CLANG_WARN_OBJC_LITERAL_CONVERSION = YES;
				CLANG_WARN_OBJC_ROOT_CLASS = YES_ERROR;
				CLANG_WARN_QUOTED_INCLUDE_IN_FRAMEWORK_HEADER = YES;
				CLANG_WARN_RANGE_LOOP_ANALYSIS = YES;
				CLANG_WARN_STRICT_PROTOTYPES = YES;
				CLANG_WARN_SUSPICIOUS_MOVE = YES;
				CLANG_WARN_UNGUARDED_AVAILABILITY = YES_AGGRESSIVE;
				CLANG_WARN_UNREACHABLE_CODE = YES;
				CLANG_WARN__DUPLICATE_METHOD_MATCH = YES;
				COPY_PHASE_STRIP = NO;
				DEBUG_INFORMATION_FORMAT = "dwarf-with-dsym";
				ENABLE_NS_ASSERTIONS = NO;
				ENABLE_STRICT_OBJC_MSGSEND = YES;
				GCC_C_LANGUAGE_STANDARD = gnu11;
				GCC_NO_COMMON_BLOCKS = YES;
				GCC_WARN_64_TO_32_BIT_CONVERSION = YES;
				GCC_WARN_ABOUT_RETURN_TYPE = YES_ERROR;
				GCC_WARN_UNDECLARED_SELECTOR = YES;
				GCC_WARN_UNINITIALIZED_AUTOS = YES_AGGRESSIVE;
				GCC_WARN_UNUSED_FUNCTION = YES;
				GCC_WARN_UNUSED_VARIABLE = YES;
				MTL_ENABLE_DEBUG_INFO = NO;
				MTL_FAST_MATH = YES;
				PRODUCT_NAME = "$(TARGET_NAME)";
				SDKROOT = xros;
				SWIFT_COMPILATION_MODE = wholemodule;
				SWIFT_OPTIMIZATION_LEVEL = "-O";
				SWIFT_VERSION = 5.0;
			};
			name = Release;
		};
		35A8529A452F53A4894D5159 /* Debug */ = {
			isa = XCBuildConfiguration;
			buildSettings = {
				ASSETCATALOG_COMPILER_APPICON_NAME = AppIcon;
				CODE_SIGN_STYLE = Automatic;
				CURRENT_PROJECT_VERSION = 1;
				DEBUG_INFORMATION_FORMAT = "dwarf-with-dsym";
				DEVELOPMENT_TEAM = ULLT5J9F2U;
				INFOPLIST_FILE = Sources/BedroomTwin/Info.plist;
				LD_RUNPATH_SEARCH_PATHS = (
					"$(inherited)",
					"@executable_path/Frameworks",
				);
				MARKETING_VERSION = 1.0;
				MTL_HEADER_SEARCH_PATHS = "$(inherited) $(UNTOLD_ENGINE_PACKAGE_ROOT)/Sources/UntoldEngineShaderSupport/include";
				PRODUCT_BUNDLE_IDENTIFIER = com.untoldengine.bedroomtwin;
				SDKROOT = xros;
				SWIFT_OPTIMIZATION_LEVEL = "-Onone";
				SWIFT_VERSION = 5.0;
				TARGETED_DEVICE_FAMILY = 7;
				UNTOLD_ENGINE_PACKAGE_ROOT = "$(BUILD_DIR)/../../SourcePackages/checkouts/UntoldEngine";
				XROS_DEPLOYMENT_TARGET = 2.0;
			};
			name = Debug;
		};
		395671AA9FA78E72CC958AB7 /* Debug */ = {
			isa = XCBuildConfiguration;
			buildSettings = {
				ALWAYS_SEARCH_USER_PATHS = NO;
				CLANG_ANALYZER_NONNULL = YES;
				CLANG_ANALYZER_NUMBER_OBJECT_CONVERSION = YES_AGGRESSIVE;
				CLANG_CXX_LANGUAGE_STANDARD = "gnu++14";
				CLANG_CXX_LIBRARY = "libc++";
				CLANG_ENABLE_MODULES = YES;
				CLANG_ENABLE_OBJC_ARC = YES;
				CLANG_ENABLE_OBJC_WEAK = YES;
				CLANG_WARN_BLOCK_CAPTURE_AUTORELEASING = YES;
				CLANG_WARN_BOOL_CONVERSION = YES;
				CLANG_WARN_COMMA = YES;
				CLANG_WARN_CONSTANT_CONVERSION = YES;
				CLANG_WARN_DEPRECATED_OBJC_IMPLEMENTATIONS = YES;
				CLANG_WARN_DIRECT_OBJC_ISA_USAGE = YES_ERROR;
				CLANG_WARN_DOCUMENTATION_COMMENTS = YES;
				CLANG_WARN_EMPTY_BODY = YES;
				CLANG_WARN_ENUM_CONVERSION = YES;
				CLANG_WARN_INFINITE_RECURSION = YES;
				CLANG_WARN_INT_CONVERSION = YES;
				CLANG_WARN_NON_LITERAL_NULL_CONVERSION = YES;
				CLANG_WARN_OBJC_IMPLICIT_RETAIN_SELF = YES;
				CLANG_WARN_OBJC_LITERAL_CONVERSION = YES;
				CLANG_WARN_OBJC_ROOT_CLASS = YES_ERROR;
				CLANG_WARN_QUOTED_INCLUDE_IN_FRAMEWORK_HEADER = YES;
				CLANG_WARN_RANGE_LOOP_ANALYSIS = YES;
				CLANG_WARN_STRICT_PROTOTYPES = YES;
				CLANG_WARN_SUSPICIOUS_MOVE = YES;
				CLANG_WARN_UNGUARDED_AVAILABILITY = YES_AGGRESSIVE;
				CLANG_WARN_UNREACHABLE_CODE = YES;
				CLANG_WARN__DUPLICATE_METHOD_MATCH = YES;
				COPY_PHASE_STRIP = NO;
				DEBUG_INFORMATION_FORMAT = dwarf;
				ENABLE_STRICT_OBJC_MSGSEND = YES;
				ENABLE_TESTABILITY = YES;
				GCC_C_LANGUAGE_STANDARD = gnu11;
				GCC_DYNAMIC_NO_PIC = NO;
				GCC_NO_COMMON_BLOCKS = YES;
				GCC_OPTIMIZATION_LEVEL = 0;
				GCC_PREPROCESSOR_DEFINITIONS = (
					"$(inherited)",
					"DEBUG=1",
				);
				GCC_WARN_64_TO_32_BIT_CONVERSION = YES;
				GCC_WARN_ABOUT_RETURN_TYPE = YES_ERROR;
				GCC_WARN_UNDECLARED_SELECTOR = YES;
				GCC_WARN_UNINITIALIZED_AUTOS = YES_AGGRESSIVE;
				GCC_WARN_UNUSED_FUNCTION = YES;
				GCC_WARN_UNUSED_VARIABLE = YES;
				MTL_ENABLE_DEBUG_INFO = INCLUDE_SOURCE;
				MTL_FAST_MATH = YES;
				ONLY_ACTIVE_ARCH = YES;
				PRODUCT_NAME = "$(TARGET_NAME)";
				SDKROOT = xros;
				SWIFT_ACTIVE_COMPILATION_CONDITIONS = DEBUG;
				SWIFT_OPTIMIZATION_LEVEL = "-Onone";
				SWIFT_VERSION = 5.0;
			};
			name = Debug;
		};
		9E1EAB0075672456B8CF9B9D /* Release */ = {
			isa = XCBuildConfiguration;
			buildSettings = {
				ASSETCATALOG_COMPILER_APPICON_NAME = AppIcon;
				CODE_SIGN_STYLE = Automatic;
				CURRENT_PROJECT_VERSION = 1;
				DEBUG_INFORMATION_FORMAT = "dwarf-with-dsym";
				DEVELOPMENT_TEAM = ULLT5J9F2U;
				INFOPLIST_FILE = Sources/BedroomTwin/Info.plist;
				LD_RUNPATH_SEARCH_PATHS = (
					"$(inherited)",
					"@executable_path/Frameworks",
				);
				MARKETING_VERSION = 1.0;
				MTL_HEADER_SEARCH_PATHS = "$(inherited) $(UNTOLD_ENGINE_PACKAGE_ROOT)/Sources/UntoldEngineShaderSupport/include";
				PRODUCT_BUNDLE_IDENTIFIER = com.untoldengine.bedroomtwin;
				SDKROOT = xros;
				SWIFT_COMPILATION_MODE = wholemodule;
				SWIFT_OPTIMIZATION_LEVEL = "-Onone";
				SWIFT_VERSION = 5.0;
				TARGETED_DEVICE_FAMILY = 7;
				UNTOLD_ENGINE_PACKAGE_ROOT = "$(BUILD_DIR)/../../SourcePackages/checkouts/UntoldEngine";
				XROS_DEPLOYMENT_TARGET = 2.0;
			};
			name = Release;
		};
/* End XCBuildConfiguration section */

/* Begin XCConfigurationList section */
		2135AD2170FB7596A70E8011 /* Build configuration list for PBXProject "BedroomTwin" */ = {
			isa = XCConfigurationList;
			buildConfigurations = (
				395671AA9FA78E72CC958AB7 /* Debug */,
				323A45059A316C50A4804E98 /* Release */,
			);
			defaultConfigurationIsVisible = 0;
			defaultConfigurationName = Debug;
		};
		BBAA20C658AF9AB37FE2776D /* Build configuration list for PBXNativeTarget "BedroomTwin" */ = {
			isa = XCConfigurationList;
			buildConfigurations = (
				35A8529A452F53A4894D5159 /* Debug */,
				9E1EAB0075672456B8CF9B9D /* Release */,
			);
			defaultConfigurationIsVisible = 0;
			defaultConfigurationName = Debug;
		};
/* End XCConfigurationList section */

/* Begin XCRemoteSwiftPackageReference section */
		F22CEC3FCCA456BDA068CFCA /* XCRemoteSwiftPackageReference "UntoldEngine" */ = {
			isa = XCRemoteSwiftPackageReference;
			repositoryURL = "https://github.com/untoldengine/UntoldEngine.git";
			requirement = {
				branch = develop;
				kind = branch;
			};
		};
/* End XCRemoteSwiftPackageReference section */

/* Begin XCSwiftPackageProductDependency section */
		8CF5F2DF96E4D12B4E221FFA /* UntoldEngineAR */ = {
			isa = XCSwiftPackageProductDependency;
			package = F22CEC3FCCA456BDA068CFCA /* XCRemoteSwiftPackageReference "UntoldEngine" */;
			productName = UntoldEngineAR;
		};
		B8663AA02FB7A3DA8EFCA585 /* UntoldEngineXR */ = {
			isa = XCSwiftPackageProductDependency;
			package = F22CEC3FCCA456BDA068CFCA /* XCRemoteSwiftPackageReference "UntoldEngine" */;
			productName = UntoldEngineXR;
		};
/* End XCSwiftPackageProductDependency section */
	};
	rootObject = D6A0C210DC3796F8B77A9194 /* Project object */;
}
