// !$*UTF8*$!
{
	archiveVersion = 1;
	classes = {
	};
	objectVersion = 77;
	objects = {

/* Begin PBXBuildFile section */
		0658D6C67F8681266A4AA112 /* SceneManifest.swift in Sources */ = {isa = PBXBuildFile; fileRef = 1808AFA601E2A14A048F9118 /* SceneManifest.swift */; };
		1AF6E956524073D29123C6DC /* FurnitureLoadQueue.swift in Sources */ = {isa = PBXBuildFile; fileRef = A0F850891E89CE8A8FE245AE /* FurnitureLoadQueue.swift */; };
		1FFAD3A99D184D497E740E9D /* FurnitureCatalog.swift in Sources */ = {isa = PBXBuildFile; fileRef = FF895B886E773243F9F132C8 /* FurnitureCatalog.swift */; };
		232A6411B2EC46B13CDC3682 /* FurnitureLoadQueueTests.swift in Sources */ = {isa = PBXBuildFile; fileRef = E4759457BE6E3253613ECE58 /* FurnitureLoadQueueTests.swift */; };
		2337743EFF0B3673796E06B9 /* HomeDesignStoreTests.swift in Sources */ = {isa = PBXBuildFile; fileRef = DB07162ADA83BD2D2EE7491B /* HomeDesignStoreTests.swift */; };
		414BE98B13E2E6DF5A47DC39 /* HomeDesignApp.swift in Sources */ = {isa = PBXBuildFile; fileRef = 1BD1918333851F81A5AB952D /* HomeDesignApp.swift */; };
		4BD8596A4918073425BC0F2B /* GameSceneUtils.swift in Sources */ = {isa = PBXBuildFile; fileRef = 731BF0C16A3869B22C5E8C78 /* GameSceneUtils.swift */; };
		4F3B77D95B92F9FF177DCE75 /* SceneManifestTests.swift in Sources */ = {isa = PBXBuildFile; fileRef = 1590DC6E7DAD44EC81709500 /* SceneManifestTests.swift */; };
		50742A5A71EA90D01A20EB3D /* HomeItemsPanelView.swift in Sources */ = {isa = PBXBuildFile; fileRef = 64A776648CB4BFBD7C4DEE95 /* HomeItemsPanelView.swift */; };
		5EDBF74BF9458CC760E67B42 /* GameScene.swift in Sources */ = {isa = PBXBuildFile; fileRef = E2BFE18CCED8C3C1892303D9 /* GameScene.swift */; };
		77279923DFDE41256CE1C6BA /* CoolWater in Frameworks */ = {isa = PBXBuildFile; productRef = 89DD95B5789A367F1E00DCC6 /* CoolWater */; };
		77F601879A3D91896B774256 /* WaterAssets.swift in Sources */ = {isa = PBXBuildFile; fileRef = CE91A88392AC2C06817A2C4E /* WaterAssets.swift */; };
		8ED0A52BA5E954C28B5FAD30 /* FloorPlanOption.swift in Sources */ = {isa = PBXBuildFile; fileRef = 8A1EF9D74D129BEB03872369 /* FloorPlanOption.swift */; };
		9980C832E38E255E57580256 /* UntoldEngine in Frameworks */ = {isa = PBXBuildFile; productRef = CE0B6DBDAF56BCD73F2BE222 /* UntoldEngine */; };
		9C89D2B185E118C4CB2FECAE /* FloorPlanOptionTests.swift in Sources */ = {isa = PBXBuildFile; fileRef = A32A55BAA295487091CC4C47 /* FloorPlanOptionTests.swift */; };
		A29A0B48100EC8787DD9297C /* UntoldEngineXR in Frameworks */ = {isa = PBXBuildFile; productRef = 4043A59DF3DB39777E842AE3 /* UntoldEngineXR */; };
		A75A119D12EC2F438AE7BBDB /* HomeDesignStore.swift in Sources */ = {isa = PBXBuildFile; fileRef = 328F8C8BF0D57990DE5FA3C2 /* HomeDesignStore.swift */; };
		B92B3F6DA8CEC04F8793D513 /* SnapGridTests.swift in Sources */ = {isa = PBXBuildFile; fileRef = 18319CBAB59BBD115C5FD028 /* SnapGridTests.swift */; };
		BD810532BFBA5C19102C28C0 /* SurfaceClassification.swift in Sources */ = {isa = PBXBuildFile; fileRef = 46F033D109DEACED9E0B9F57 /* SurfaceClassification.swift */; };
		BFAA1DEABAA57E8C4CB19D06 /* UntoldEngineAR in Frameworks */ = {isa = PBXBuildFile; productRef = A635ADFABA0E7DDB2A999B8A /* UntoldEngineAR */; };
		C6B7C2326619EE79201C3CD2 /* SurfaceClassificationTests.swift in Sources */ = {isa = PBXBuildFile; fileRef = BD2B04ABCF696B421C75E2E2 /* SurfaceClassificationTests.swift */; };
		C8E8DF92C610FD2729641A3E /* SnapGrid.swift in Sources */ = {isa = PBXBuildFile; fileRef = 63F8192E1DBB868299D25C57 /* SnapGrid.swift */; };
		E8931693B7B459B4A326871B /* GameData in Resources */ = {isa = PBXBuildFile; fileRef = 12BF5E54F21ADF44BD1DFE00 /* GameData */; };
		EFF108CFBD7C72E192B7208B /* HomeItemTests.swift in Sources */ = {isa = PBXBuildFile; fileRef = 55ACFE6CF7A7FF856873C267 /* HomeItemTests.swift */; };
/* End PBXBuildFile section */

/* Begin PBXContainerItemProxy section */
		AD2B5264147F0B7E01E400C6 /* PBXContainerItemProxy */ = {
			isa = PBXContainerItemProxy;
			containerPortal = 60B760E05E64F714C7C5B507 /* Project object */;
			proxyType = 1;
			remoteGlobalIDString = 8EC54A3B76ECD0A2E1B4E23E;
			remoteInfo = HomeDesign;
		};
/* End PBXContainerItemProxy section */

/* Begin PBXFileReference section */
		02E81BCB2282D64F9D5DDC9D /* HomeDesignTests.xctest */ = {isa = PBXFileReference; includeInIndex = 0; lastKnownFileType = wrapper.cfbundle; path = HomeDesignTests.xctest; sourceTree = BUILT_PRODUCTS_DIR; };
		12BF5E54F21ADF44BD1DFE00 /* GameData */ = {isa = PBXFileReference; lastKnownFileType = folder; name = GameData; path = Sources/HomeDesign/GameData; sourceTree = SOURCE_ROOT; };
		1590DC6E7DAD44EC81709500 /* SceneManifestTests.swift */ = {isa = PBXFileReference; lastKnownFileType = sourcecode.swift; path = SceneManifestTests.swift; sourceTree = "<group>"; };
		1808AFA601E2A14A048F9118 /* SceneManifest.swift */ = {isa = PBXFileReference; lastKnownFileType = sourcecode.swift; path = SceneManifest.swift; sourceTree = "<group>"; };
		18319CBAB59BBD115C5FD028 /* SnapGridTests.swift */ = {isa = PBXFileReference; lastKnownFileType = sourcecode.swift; path = SnapGridTests.swift; sourceTree = "<group>"; };
		1BD1918333851F81A5AB952D /* HomeDesignApp.swift */ = {isa = PBXFileReference; lastKnownFileType = sourcecode.swift; path = HomeDesignApp.swift; sourceTree = "<group>"; };
		328F8C8BF0D57990DE5FA3C2 /* HomeDesignStore.swift */ = {isa = PBXFileReference; lastKnownFileType = sourcecode.swift; path = HomeDesignStore.swift; sourceTree = "<group>"; };
		46F033D109DEACED9E0B9F57 /* SurfaceClassification.swift */ = {isa = PBXFileReference; lastKnownFileType = sourcecode.swift; path = SurfaceClassification.swift; sourceTree = "<group>"; };
		55ACFE6CF7A7FF856873C267 /* HomeItemTests.swift */ = {isa = PBXFileReference; lastKnownFileType = sourcecode.swift; path = HomeItemTests.swift; sourceTree = "<group>"; };
		63F8192E1DBB868299D25C57 /* SnapGrid.swift */ = {isa = PBXFileReference; lastKnownFileType = sourcecode.swift; path = SnapGrid.swift; sourceTree = "<group>"; };
		64A776648CB4BFBD7C4DEE95 /* HomeItemsPanelView.swift */ = {isa = PBXFileReference; lastKnownFileType = sourcecode.swift; path = HomeItemsPanelView.swift; sourceTree = "<group>"; };
		721273FBCB8440799C3602E2 /* Info.plist */ = {isa = PBXFileReference; lastKnownFileType = text.plist; path = Info.plist; sourceTree = "<group>"; };
		731BF0C16A3869B22C5E8C78 /* GameSceneUtils.swift */ = {isa = PBXFileReference; lastKnownFileType = sourcecode.swift; path = GameSceneUtils.swift; sourceTree = "<group>"; };
		8A1EF9D74D129BEB03872369 /* FloorPlanOption.swift */ = {isa = PBXFileReference; lastKnownFileType = sourcecode.swift; path = FloorPlanOption.swift; sourceTree = "<group>"; };
		A051D73E26A181CF81B07818 /* CoolWater */ = {isa = PBXFileReference; lastKnownFileType = folder; name = CoolWater; path = Vendor/CoolWater; sourceTree = SOURCE_ROOT; };
		A0F850891E89CE8A8FE245AE /* FurnitureLoadQueue.swift */ = {isa = PBXFileReference; lastKnownFileType = sourcecode.swift; path = FurnitureLoadQueue.swift; sourceTree = "<group>"; };
		A32A55BAA295487091CC4C47 /* FloorPlanOptionTests.swift */ = {isa = PBXFileReference; lastKnownFileType = sourcecode.swift; path = FloorPlanOptionTests.swift; sourceTree = "<group>"; };
		A58A09F756FC55B4C9980C81 /* HomeDesign.app */ = {isa = PBXFileReference; explicitFileType = wrapper.application; includeInIndex = 0; path = HomeDesign.app; sourceTree = BUILT_PRODUCTS_DIR; };
		BD2B04ABCF696B421C75E2E2 /* SurfaceClassificationTests.swift */ = {isa = PBXFileReference; lastKnownFileType = sourcecode.swift; path = SurfaceClassificationTests.swift; sourceTree = "<group>"; };
		CE91A88392AC2C06817A2C4E /* WaterAssets.swift */ = {isa = PBXFileReference; lastKnownFileType = sourcecode.swift; path = WaterAssets.swift; sourceTree = "<group>"; };
		DB07162ADA83BD2D2EE7491B /* HomeDesignStoreTests.swift */ = {isa = PBXFileReference; lastKnownFileType = sourcecode.swift; path = HomeDesignStoreTests.swift; sourceTree = "<group>"; };
		E2BFE18CCED8C3C1892303D9 /* GameScene.swift */ = {isa = PBXFileReference; lastKnownFileType = sourcecode.swift; path = GameScene.swift; sourceTree = "<group>"; };
		E4759457BE6E3253613ECE58 /* FurnitureLoadQueueTests.swift */ = {isa = PBXFileReference; lastKnownFileType = sourcecode.swift; path = FurnitureLoadQueueTests.swift; sourceTree = "<group>"; };
		FF895B886E773243F9F132C8 /* FurnitureCatalog.swift */ = {isa = PBXFileReference; lastKnownFileType = sourcecode.swift; path = FurnitureCatalog.swift; sourceTree = "<group>"; };
/* End PBXFileReference section */

/* Begin PBXFrameworksBuildPhase section */
		555C04AF9BA20993FE8B4DAF /* Frameworks */ = {
			isa = PBXFrameworksBuildPhase;
			buildActionMask = 2147483647;
			files = (
				9980C832E38E255E57580256 /* UntoldEngine in Frameworks */,
				A29A0B48100EC8787DD9297C /* UntoldEngineXR in Frameworks */,
				BFAA1DEABAA57E8C4CB19D06 /* UntoldEngineAR in Frameworks */,
				77279923DFDE41256CE1C6BA /* CoolWater in Frameworks */,
			);
			runOnlyForDeploymentPostprocessing = 0;
		};
/* End PBXFrameworksBuildPhase section */

/* Begin PBXGroup section */
		2CFCA51921735468303D5C37 /* Sources */ = {
			isa = PBXGroup;
			children = (
				B069A1A32D78B5241E92C470 /* HomeDesign */,
			);
			path = Sources;
			sourceTree = "<group>";
		};
		4724F3F88CDFF045BB1D49E9 /* HomeDesignTests */ = {
			isa = PBXGroup;
			children = (
				A32A55BAA295487091CC4C47 /* FloorPlanOptionTests.swift */,
				E4759457BE6E3253613ECE58 /* FurnitureLoadQueueTests.swift */,
				DB07162ADA83BD2D2EE7491B /* HomeDesignStoreTests.swift */,
				55ACFE6CF7A7FF856873C267 /* HomeItemTests.swift */,
				1590DC6E7DAD44EC81709500 /* SceneManifestTests.swift */,
				18319CBAB59BBD115C5FD028 /* SnapGridTests.swift */,
				BD2B04ABCF696B421C75E2E2 /* SurfaceClassificationTests.swift */,
			);
			name = HomeDesignTests;
			path = Tests/HomeDesignTests;
			sourceTree = "<group>";
		};
		7590EAFCB48E5D0DDB8E667A /* Packages */ = {
			isa = PBXGroup;
			children = (
				A051D73E26A181CF81B07818 /* CoolWater */,
			);
			name = Packages;
			sourceTree = "<group>";
		};
		B069A1A32D78B5241E92C470 /* HomeDesign */ = {
			isa = PBXGroup;
			children = (
				8A1EF9D74D129BEB03872369 /* FloorPlanOption.swift */,
				FF895B886E773243F9F132C8 /* FurnitureCatalog.swift */,
				A0F850891E89CE8A8FE245AE /* FurnitureLoadQueue.swift */,
				E2BFE18CCED8C3C1892303D9 /* GameScene.swift */,
				731BF0C16A3869B22C5E8C78 /* GameSceneUtils.swift */,
				1BD1918333851F81A5AB952D /* HomeDesignApp.swift */,
				328F8C8BF0D57990DE5FA3C2 /* HomeDesignStore.swift */,
				64A776648CB4BFBD7C4DEE95 /* HomeItemsPanelView.swift */,
				721273FBCB8440799C3602E2 /* Info.plist */,
				1808AFA601E2A14A048F9118 /* SceneManifest.swift */,
				63F8192E1DBB868299D25C57 /* SnapGrid.swift */,
				46F033D109DEACED9E0B9F57 /* SurfaceClassification.swift */,
				CE91A88392AC2C06817A2C4E /* WaterAssets.swift */,
			);
			path = HomeDesign;
			sourceTree = "<group>";
		};
		C5395AE8C8080E6C5AF49C49 /* Products */ = {
			isa = PBXGroup;
			children = (
				A58A09F756FC55B4C9980C81 /* HomeDesign.app */,
				02E81BCB2282D64F9D5DDC9D /* HomeDesignTests.xctest */,
			);
			name = Products;
			sourceTree = "<group>";
		};
		E6AAB12383504BE03A1B35C4 = {
			isa = PBXGroup;
			children = (
				12BF5E54F21ADF44BD1DFE00 /* GameData */,
				4724F3F88CDFF045BB1D49E9 /* HomeDesignTests */,
				7590EAFCB48E5D0DDB8E667A /* Packages */,
				2CFCA51921735468303D5C37 /* Sources */,
				C5395AE8C8080E6C5AF49C49 /* Products */,
			);
			sourceTree = "<group>";
		};
/* End PBXGroup section */

/* Begin PBXNativeTarget section */
		01F7A0179EE38EECE29D4830 /* HomeDesignTests */ = {
			isa = PBXNativeTarget;
			buildConfigurationList = EEF591A3A5978C6C901B3DFF /* Build configuration list for PBXNativeTarget "HomeDesignTests" */;
			buildPhases = (
				E10A1839EB68BAC062B1AAD8 /* Sources */,
			);
			buildRules = (
			);
			dependencies = (
				1A31BA50A18FB4A66B7D0751 /* PBXTargetDependency */,
			);
			name = HomeDesignTests;
			packageProductDependencies = (
			);
			productName = HomeDesignTests;
			productReference = 02E81BCB2282D64F9D5DDC9D /* HomeDesignTests.xctest */;
			productType = "com.apple.product-type.bundle.unit-test";
		};
		8EC54A3B76ECD0A2E1B4E23E /* HomeDesign */ = {
			isa = PBXNativeTarget;
			buildConfigurationList = 2B40989CE587E66150E7EC6D /* Build configuration list for PBXNativeTarget "HomeDesign" */;
			buildPhases = (
				E4B55EC3A20E52A294F72510 /* Sources */,
				4070A0EF062E75A6D97D45B5 /* Resources */,
				555C04AF9BA20993FE8B4DAF /* Frameworks */,
			);
			buildRules = (
			);
			dependencies = (
			);
			name = HomeDesign;
			packageProductDependencies = (
				CE0B6DBDAF56BCD73F2BE222 /* UntoldEngine */,
				4043A59DF3DB39777E842AE3 /* UntoldEngineXR */,
				A635ADFABA0E7DDB2A999B8A /* UntoldEngineAR */,
				89DD95B5789A367F1E00DCC6 /* CoolWater */,
			);
			productName = HomeDesign;
			productReference = A58A09F756FC55B4C9980C81 /* HomeDesign.app */;
			productType = "com.apple.product-type.application";
		};
/* End PBXNativeTarget section */

/* Begin PBXProject section */
		60B760E05E64F714C7C5B507 /* Project object */ = {
			isa = PBXProject;
			attributes = {
				BuildIndependentTargetsInParallel = YES;
				LastUpgradeCheck = 1430;
				TargetAttributes = {
					8EC54A3B76ECD0A2E1B4E23E = {
						ProvisioningStyle = Automatic;
					};
				};
			};
			buildConfigurationList = 6620801E62FE0C64BFF0F75E /* Build configuration list for PBXProject "HomeDesign" */;
			developmentRegion = en;
			hasScannedForEncodings = 0;
			knownRegions = (
				Base,
				en,
			);
			mainGroup = E6AAB12383504BE03A1B35C4;
			minimizedProjectReferenceProxies = 1;
			packageReferences = (
				C0312BAA89641912DBE09036 /* XCRemoteSwiftPackageReference "UntoldEngine" */,
				F299E383EF0EAC7E21EF4E06 /* XCLocalSwiftPackageReference "Vendor/CoolWater" */,
			);
			preferredProjectObjectVersion = 77;
			productRefGroup = C5395AE8C8080E6C5AF49C49 /* Products */;
			projectDirPath = "";
			projectRoot = "";
			targets = (
				8EC54A3B76ECD0A2E1B4E23E /* HomeDesign */,
				01F7A0179EE38EECE29D4830 /* HomeDesignTests */,
			);
		};
/* End PBXProject section */

/* Begin PBXResourcesBuildPhase section */
		4070A0EF062E75A6D97D45B5 /* Resources */ = {
			isa = PBXResourcesBuildPhase;
			buildActionMask = 2147483647;
			files = (
				E8931693B7B459B4A326871B /* GameData in Resources */,
			);
			runOnlyForDeploymentPostprocessing = 0;
		};
/* End PBXResourcesBuildPhase section */

/* Begin PBXSourcesBuildPhase section */
		E10A1839EB68BAC062B1AAD8 /* Sources */ = {
			isa = PBXSourcesBuildPhase;
			buildActionMask = 2147483647;
			files = (
				9C89D2B185E118C4CB2FECAE /* FloorPlanOptionTests.swift in Sources */,
				232A6411B2EC46B13CDC3682 /* FurnitureLoadQueueTests.swift in Sources */,
				2337743EFF0B3673796E06B9 /* HomeDesignStoreTests.swift in Sources */,
				EFF108CFBD7C72E192B7208B /* HomeItemTests.swift in Sources */,
				4F3B77D95B92F9FF177DCE75 /* SceneManifestTests.swift in Sources */,
				B92B3F6DA8CEC04F8793D513 /* SnapGridTests.swift in Sources */,
				C6B7C2326619EE79201C3CD2 /* SurfaceClassificationTests.swift in Sources */,
			);
			runOnlyForDeploymentPostprocessing = 0;
		};
		E4B55EC3A20E52A294F72510 /* Sources */ = {
			isa = PBXSourcesBuildPhase;
			buildActionMask = 2147483647;
			files = (
				8ED0A52BA5E954C28B5FAD30 /* FloorPlanOption.swift in Sources */,
				1FFAD3A99D184D497E740E9D /* FurnitureCatalog.swift in Sources */,
				1AF6E956524073D29123C6DC /* FurnitureLoadQueue.swift in Sources */,
				5EDBF74BF9458CC760E67B42 /* GameScene.swift in Sources */,
				4BD8596A4918073425BC0F2B /* GameSceneUtils.swift in Sources */,
				414BE98B13E2E6DF5A47DC39 /* HomeDesignApp.swift in Sources */,
				A75A119D12EC2F438AE7BBDB /* HomeDesignStore.swift in Sources */,
				50742A5A71EA90D01A20EB3D /* HomeItemsPanelView.swift in Sources */,
				0658D6C67F8681266A4AA112 /* SceneManifest.swift in Sources */,
				C8E8DF92C610FD2729641A3E /* SnapGrid.swift in Sources */,
				BD810532BFBA5C19102C28C0 /* SurfaceClassification.swift in Sources */,
				77F601879A3D91896B774256 /* WaterAssets.swift in Sources */,
			);
			runOnlyForDeploymentPostprocessing = 0;
		};
/* End PBXSourcesBuildPhase section */

/* Begin PBXTargetDependency section */
		1A31BA50A18FB4A66B7D0751 /* PBXTargetDependency */ = {
			isa = PBXTargetDependency;
			target = 8EC54A3B76ECD0A2E1B4E23E /* HomeDesign */;
			targetProxy = AD2B5264147F0B7E01E400C6 /* PBXContainerItemProxy */;
		};
/* End PBXTargetDependency section */

/* Begin XCBuildConfiguration section */
		41342BF02DA113677EED4F39 /* Release */ = {
			isa = XCBuildConfiguration;
			buildSettings = {
				ASSETCATALOG_COMPILER_APPICON_NAME = AppIcon;
				CODE_SIGN_STYLE = Automatic;
				CURRENT_PROJECT_VERSION = 1;
				DEBUG_INFORMATION_FORMAT = "dwarf-with-dsym";
				DEVELOPMENT_TEAM = ULLT5J9F2U;
				INFOPLIST_FILE = Sources/HomeDesign/Info.plist;
				LD_RUNPATH_SEARCH_PATHS = (
					"$(inherited)",
					"@executable_path/Frameworks",
				);
				MARKETING_VERSION = 1.0;
				PRODUCT_BUNDLE_IDENTIFIER = com.untoldengine.homedesign;
				SDKROOT = xros;
				SWIFT_COMPILATION_MODE = wholemodule;
				SWIFT_OPTIMIZATION_LEVEL = "-Onone";
				SWIFT_VERSION = 5.0;
				TARGETED_DEVICE_FAMILY = 7;
				XROS_DEPLOYMENT_TARGET = 26.0;
			};
			name = Release;
		};
		6EB2F8167C50AAAF2E05C1A5 /* Debug */ = {
			isa = XCBuildConfiguration;
			buildSettings = {
				BUNDLE_LOADER = "$(TEST_HOST)";
				GENERATE_INFOPLIST_FILE = YES;
				LD_RUNPATH_SEARCH_PATHS = (
					"$(inherited)",
					"@executable_path/Frameworks",
					"@loader_path/Frameworks",
				);
				PRODUCT_BUNDLE_IDENTIFIER = com.untoldengine.homedesign.tests;
				SDKROOT = xros;
				SWIFT_VERSION = 5.0;
				TARGETED_DEVICE_FAMILY = 7;
				TEST_HOST = "$(BUILT_PRODUCTS_DIR)/HomeDesign.app/HomeDesign";
				XROS_DEPLOYMENT_TARGET = 26.0;
			};
			name = Debug;
		};
		8209AAB40BCC6E699A4594E3 /* Debug */ = {
			isa = XCBuildConfiguration;
			buildSettings = {
				ALWAYS_SEARCH_USER_PATHS = NO;
				CLANG_ANALYZER_NONNULL = YES;
				CLANG_ANALYZER_NUMBER_OBJECT_CONVERSION = YES_AGGRESSIVE;
				CLANG_CXX_LANGUAGE_STANDARD = "gnu++14";
				CLANG_CXX_LIBRARY = "libc++";
				CLANG_ENABLE_MODULES = YES;
				CLANG_ENABLE_OBJC_ARC = YES;
				CLANG_ENABLE_OBJC_WEAK = YES;
				CLANG_WARN_BLOCK_CAPTURE_AUTORELEASING = YES;
				CLANG_WARN_BOOL_CONVERSION = YES;
				CLANG_WARN_COMMA = YES;
				CLANG_WARN_CONSTANT_CONVERSION = YES;
				CLANG_WARN_DEPRECATED_OBJC_IMPLEMENTATIONS = YES;
				CLANG_WARN_DIRECT_OBJC_ISA_USAGE = YES_ERROR;
				CLANG_WARN_DOCUMENTATION_COMMENTS = YES;
				CLANG_WARN_EMPTY_BODY = YES;
				CLANG_WARN_ENUM_CONVERSION = YES;
				CLANG_WARN_INFINITE_RECURSION = YES;
				CLANG_WARN_INT_CONVERSION = YES;
				CLANG_WARN_NON_LITERAL_NULL_CONVERSION = YES;
				CLANG_WARN_OBJC_IMPLICIT_RETAIN_SELF = YES;
				CLANG_WARN_OBJC_LITERAL_CONVERSION = YES;
				CLANG_WARN_OBJC_ROOT_CLASS = YES_ERROR;
				CLANG_WARN_QUOTED_INCLUDE_IN_FRAMEWORK_HEADER = YES;
				CLANG_WARN_RANGE_LOOP_ANALYSIS = YES;
				CLANG_WARN_STRICT_PROTOTYPES = YES;
				CLANG_WARN_SUSPICIOUS_MOVE = YES;
				CLANG_WARN_UNGUARDED_AVAILABILITY = YES_AGGRESSIVE;
				CLANG_WARN_UNREACHABLE_CODE = YES;
				CLANG_WARN__DUPLICATE_METHOD_MATCH = YES;
				COPY_PHASE_STRIP = NO;
				DEBUG_INFORMATION_FORMAT = dwarf;
				ENABLE_STRICT_OBJC_MSGSEND = YES;
				ENABLE_TESTABILITY = YES;
				GCC_C_LANGUAGE_STANDARD = gnu11;
				GCC_DYNAMIC_NO_PIC = NO;
				GCC_NO_COMMON_BLOCKS = YES;
				GCC_OPTIMIZATION_LEVEL = 0;
				GCC_PREPROCESSOR_DEFINITIONS = (
					"$(inherited)",
					"DEBUG=1",
				);
				GCC_WARN_64_TO_32_BIT_CONVERSION = YES;
				GCC_WARN_ABOUT_RETURN_TYPE = YES_ERROR;
				GCC_WARN_UNDECLARED_SELECTOR = YES;
				GCC_WARN_UNINITIALIZED_AUTOS = YES_AGGRESSIVE;
				GCC_WARN_UNUSED_FUNCTION = YES;
				GCC_WARN_UNUSED_VARIABLE = YES;
				MTL_ENABLE_DEBUG_INFO = INCLUDE_SOURCE;
				MTL_FAST_MATH = YES;
				ONLY_ACTIVE_ARCH = YES;
				PRODUCT_NAME = "$(TARGET_NAME)";
				SDKROOT = xros;
				SWIFT_ACTIVE_COMPILATION_CONDITIONS = DEBUG;
				SWIFT_OPTIMIZATION_LEVEL = "-Onone";
				SWIFT_VERSION = 5.0;
			};
			name = Debug;
		};
		8C561589D8D4FC23D9A95604 /* Release */ = {
			isa = XCBuildConfiguration;
			buildSettings = {
				ALWAYS_SEARCH_USER_PATHS = NO;
				CLANG_ANALYZER_NONNULL = YES;
				CLANG_ANALYZER_NUMBER_OBJECT_CONVERSION = YES_AGGRESSIVE;
				CLANG_CXX_LANGUAGE_STANDARD = "gnu++14";
				CLANG_CXX_LIBRARY = "libc++";
				CLANG_ENABLE_MODULES = YES;
				CLANG_ENABLE_OBJC_ARC = YES;
				CLANG_ENABLE_OBJC_WEAK = YES;
				CLANG_WARN_BLOCK_CAPTURE_AUTORELEASING = YES;
				CLANG_WARN_BOOL_CONVERSION = YES;
				CLANG_WARN_COMMA = YES;
				CLANG_WARN_CONSTANT_CONVERSION = YES;
				CLANG_WARN_DEPRECATED_OBJC_IMPLEMENTATIONS = YES;
				CLANG_WARN_DIRECT_OBJC_ISA_USAGE = YES_ERROR;
				CLANG_WARN_DOCUMENTATION_COMMENTS = YES;
				CLANG_WARN_EMPTY_BODY = YES;
				CLANG_WARN_ENUM_CONVERSION = YES;
				CLANG_WARN_INFINITE_RECURSION = YES;
				CLANG_WARN_INT_CONVERSION = YES;
				CLANG_WARN_NON_LITERAL_NULL_CONVERSION = YES;
				CLANG_WARN_OBJC_IMPLICIT_RETAIN_SELF = YES;
				CLANG_WARN_OBJC_LITERAL_CONVERSION = YES;
				CLANG_WARN_OBJC_ROOT_CLASS = YES_ERROR;
				CLANG_WARN_QUOTED_INCLUDE_IN_FRAMEWORK_HEADER = YES;
				CLANG_WARN_RANGE_LOOP_ANALYSIS = YES;
				CLANG_WARN_STRICT_PROTOTYPES = YES;
				CLANG_WARN_SUSPICIOUS_MOVE = YES;
				CLANG_WARN_UNGUARDED_AVAILABILITY = YES_AGGRESSIVE;
				CLANG_WARN_UNREACHABLE_CODE = YES;
				CLANG_WARN__DUPLICATE_METHOD_MATCH = YES;
				COPY_PHASE_STRIP = NO;
				DEBUG_INFORMATION_FORMAT = "dwarf-with-dsym";
				ENABLE_NS_ASSERTIONS = NO;
				ENABLE_STRICT_OBJC_MSGSEND = YES;
				GCC_C_LANGUAGE_STANDARD = gnu11;
				GCC_NO_COMMON_BLOCKS = YES;
				GCC_WARN_64_TO_32_BIT_CONVERSION = YES;
				GCC_WARN_ABOUT_RETURN_TYPE = YES_ERROR;
				GCC_WARN_UNDECLARED_SELECTOR = YES;
				GCC_WARN_UNINITIALIZED_AUTOS = YES_AGGRESSIVE;
				GCC_WARN_UNUSED_FUNCTION = YES;
				GCC_WARN_UNUSED_VARIABLE = YES;
				MTL_ENABLE_DEBUG_INFO = NO;
				MTL_FAST_MATH = YES;
				PRODUCT_NAME = "$(TARGET_NAME)";
				SDKROOT = xros;
				SWIFT_COMPILATION_MODE = wholemodule;
				SWIFT_OPTIMIZATION_LEVEL = "-O";
				SWIFT_VERSION = 5.0;
			};
			name = Release;
		};
		94283F3DEF77C60CF158C98A /* Release */ = {
			isa = XCBuildConfiguration;
			buildSettings = {
				BUNDLE_LOADER = "$(TEST_HOST)";
				GENERATE_INFOPLIST_FILE = YES;
				LD_RUNPATH_SEARCH_PATHS = (
					"$(inherited)",
					"@executable_path/Frameworks",
					"@loader_path/Frameworks",
				);
				PRODUCT_BUNDLE_IDENTIFIER = com.untoldengine.homedesign.tests;
				SDKROOT = xros;
				SWIFT_VERSION = 5.0;
				TARGETED_DEVICE_FAMILY = 7;
				TEST_HOST = "$(BUILT_PRODUCTS_DIR)/HomeDesign.app/HomeDesign";
				XROS_DEPLOYMENT_TARGET = 26.0;
			};
			name = Release;
		};
		AC80A7A424CC351C22598E98 /* Debug */ = {
			isa = XCBuildConfiguration;
			buildSettings = {
				ASSETCATALOG_COMPILER_APPICON_NAME = AppIcon;
				CODE_SIGN_STYLE = Automatic;
				CURRENT_PROJECT_VERSION = 1;
				DEBUG_INFORMATION_FORMAT = "dwarf-with-dsym";
				DEVELOPMENT_TEAM = ULLT5J9F2U;
				INFOPLIST_FILE = Sources/HomeDesign/Info.plist;
				LD_RUNPATH_SEARCH_PATHS = (
					"$(inherited)",
					"@executable_path/Frameworks",
				);
				MARKETING_VERSION = 1.0;
				PRODUCT_BUNDLE_IDENTIFIER = com.untoldengine.homedesign;
				SDKROOT = xros;
				SWIFT_OPTIMIZATION_LEVEL = "-Onone";
				SWIFT_VERSION = 5.0;
				TARGETED_DEVICE_FAMILY = 7;
				XROS_DEPLOYMENT_TARGET = 26.0;
			};
			name = Debug;
		};
/* End XCBuildConfiguration section */

/* Begin XCConfigurationList section */
		2B40989CE587E66150E7EC6D /* Build configuration list for PBXNativeTarget "HomeDesign" */ = {
			isa = XCConfigurationList;
			buildConfigurations = (
				AC80A7A424CC351C22598E98 /* Debug */,
				41342BF02DA113677EED4F39 /* Release */,
			);
			defaultConfigurationIsVisible = 0;
			defaultConfigurationName = Debug;
		};
		6620801E62FE0C64BFF0F75E /* Build configuration list for PBXProject "HomeDesign" */ = {
			isa = XCConfigurationList;
			buildConfigurations = (
				8209AAB40BCC6E699A4594E3 /* Debug */,
				8C561589D8D4FC23D9A95604 /* Release */,
			);
			defaultConfigurationIsVisible = 0;
			defaultConfigurationName = Debug;
		};
		EEF591A3A5978C6C901B3DFF /* Build configuration list for PBXNativeTarget "HomeDesignTests" */ = {
			isa = XCConfigurationList;
			buildConfigurations = (
				6EB2F8167C50AAAF2E05C1A5 /* Debug */,
				94283F3DEF77C60CF158C98A /* Release */,
			);
			defaultConfigurationIsVisible = 0;
			defaultConfigurationName = Debug;
		};
/* End XCConfigurationList section */

/* Begin XCLocalSwiftPackageReference section */
		F299E383EF0EAC7E21EF4E06 /* XCLocalSwiftPackageReference "Vendor/CoolWater" */ = {
			isa = XCLocalSwiftPackageReference;
			relativePath = Vendor/CoolWater;
		};
/* End XCLocalSwiftPackageReference section */

/* Begin XCRemoteSwiftPackageReference section */
		C0312BAA89641912DBE09036 /* XCRemoteSwiftPackageReference "UntoldEngine" */ = {
			isa = XCRemoteSwiftPackageReference;
			repositoryURL = "https://github.com/untoldengine/UntoldEngine.git";
			requirement = {
				branch = develop;
				kind = branch;
			};
		};
/* End XCRemoteSwiftPackageReference section */

/* Begin XCSwiftPackageProductDependency section */
		4043A59DF3DB39777E842AE3 /* UntoldEngineXR */ = {
			isa = XCSwiftPackageProductDependency;
			package = C0312BAA89641912DBE09036 /* XCRemoteSwiftPackageReference "UntoldEngine" */;
			productName = UntoldEngineXR;
		};
		89DD95B5789A367F1E00DCC6 /* CoolWater */ = {
			isa = XCSwiftPackageProductDependency;
			productName = CoolWater;
		};
		A635ADFABA0E7DDB2A999B8A /* UntoldEngineAR */ = {
			isa = XCSwiftPackageProductDependency;
			package = C0312BAA89641912DBE09036 /* XCRemoteSwiftPackageReference "UntoldEngine" */;
			productName = UntoldEngineAR;
		};
		CE0B6DBDAF56BCD73F2BE222 /* UntoldEngine */ = {
			isa = XCSwiftPackageProductDependency;
			package = C0312BAA89641912DBE09036 /* XCRemoteSwiftPackageReference "UntoldEngine" */;
			productName = UntoldEngine;
		};
/* End XCSwiftPackageProductDependency section */
	};
	rootObject = 60B760E05E64F714C7C5B507 /* Project object */;
}
