{
  "originHash" : "aa9720d0d8067fc2a0088002e43a2883d9ded1fcb12b3d8e9c1d9ad383da92af",
  "pins" : [
    {
      "identity" : "untoldengine",
      "kind" : "remoteSourceControl",
      "location" : "https://github.com/untoldengine/UntoldEngine.git",
      "state" : {
        "branch" : "feature/room-surface-store",
        "revision" : "1228d0137dbf1c1b10ea443080b90d5d8af241c1"
      }
    }
  ],
  "version" : 3
}
