{
  "originHash" : "7b798288e96c65746deb3b4859a3fe47d934ec30c079ca7d539bed9265ac02da",
  "pins" : [
    {
      "identity" : "untoldengine",
      "kind" : "remoteSourceControl",
      "location" : "https://github.com/untoldengine/UntoldEngine.git",
      "state" : {
        "branch" : "develop",
        "revision" : "8fca4a39c0217b776bca5da11526a5617f032254"
      }
    }
  ],
  "version" : 3
}
